
Microsoft Visual Studio Solution File, Format Version 12.00
# Visual Studio Version 16
VisualStudioVersion = 16.0.29306.81
MinimumVisualStudioVersion = 10.0.40219.1
Project("{FAE04EC0-301F-11D3-BF4B-00C04F79EFBC}") = "AnimeCatalog.Android", "AnimeCatalog\AnimeCatalog.Android\AnimeCatalog.Android.csproj", "{336B69CD-915F-439B-A07A-27BE00A2C971}"
EndProject
Project("{9A19103F-16F7-4668-BE54-9A1E7A4F7556}") = "AnimeCatalog", "AnimeCatalog\AnimeCatalog\AnimeCatalog.csproj", "{98B840B7-CEDE-41DB-A270-D0090BF341DA}"
EndProject
Global
	GlobalSection(SolutionConfigurationPlatforms) = preSolution
		Debug|Any CPU = Debug|Any CPU
		Release|Any CPU = Release|Any CPU
	EndGlobalSection
	GlobalSection(ProjectConfigurationPlatforms) = postSolution
		{336B69CD-915F-439B-A07A-27BE00A2C971}.Debug|Any CPU.ActiveCfg = Debug|Any CPU
		{336B69CD-915F-439B-A07A-27BE00A2C971}.Debug|Any CPU.Build.0 = Debug|Any CPU
		{336B69CD-915F-439B-A07A-27BE00A2C971}.Debug|Any CPU.Deploy.0 = Debug|Any CPU
		{336B69CD-915F-439B-A07A-27BE00A2C971}.Release|Any CPU.ActiveCfg = Release|Any CPU
		{336B69CD-915F-439B-A07A-27BE00A2C971}.Release|Any CPU.Build.0 = Release|Any CPU
		{336B69CD-915F-439B-A07A-27BE00A2C971}.Release|Any CPU.Deploy.0 = Release|Any CPU
		{98B840B7-CEDE-41DB-A270-D0090BF341DA}.Debug|Any CPU.ActiveCfg = Debug|Any CPU
		{98B840B7-CEDE-41DB-A270-D0090BF341DA}.Debug|Any CPU.Build.0 = Debug|Any CPU
		{98B840B7-CEDE-41DB-A270-D0090BF341DA}.Debug|Any CPU.Deploy.0 = Debug|Any CPU
		{98B840B7-CEDE-41DB-A270-D0090BF341DA}.Release|Any CPU.ActiveCfg = Release|Any CPU
		{98B840B7-CEDE-41DB-A270-D0090BF341DA}.Release|Any CPU.Build.0 = Release|Any CPU
		{98B840B7-CEDE-41DB-A270-D0090BF341DA}.Release|Any CPU.Deploy.0 = Release|Any CPU
	EndGlobalSection
	GlobalSection(SolutionProperties) = preSolution
		HideSolutionNode = FALSE
	EndGlobalSection
	GlobalSection(ExtensibilityGlobals) = postSolution
		SolutionGuid = {31367379-72BC-46CF-BFB0-EE07CF7CD5E2}
	EndGlobalSection
EndGlobal
